lockfileVersion: '9.0'

settings:
  autoInstallPeers: true
  excludeLinksFromLockfile: false

importers:

  .:
    devDependencies:
      lefthook:
        specifier: ^2.1.8
        version: 2.1.8
      prettier:
        specifier: ^3.8.3
        version: 3.8.3

packages:

  lefthook-darwin-arm64@2.1.8:
    resolution: {integrity: sha512-6dZr2QUdJOOvy9FjQHZoFVfPjgxb9IH5f9DeU0OBYMQ0cUGvb5YjHnkUkRrWIlASmwFm1bk3OPwhqKU7pTsICw==}
    cpu: [arm64]
    os: [darwin]

  lefthook-darwin-x64@2.1.8:
    resolution: {integrity: sha512-DW1yc+W5RBHdwaPJ94/mwFNROmNHI8Osu0iziIeJFXJIdkQ2P+KHfoxBWejYd2QA2Eu5W9i+gBssTDkJ4kX2kA==}
    cpu: [x64]
    os: [darwin]

  lefthook-freebsd-arm64@2.1.8:
    resolution: {integrity: sha512-rmWVdImTihY/V1bLSb3zeDxEHjRBQtudnkKKsoph934enIWPwzIap5zVHHAj8q9mzp0wpn5r1ybX55aO2wM61A==}
    cpu: [arm64]
    os: [freebsd]

  lefthook-freebsd-x64@2.1.8:
    resolution: {integrity: sha512-o1AG4CpmgESxLqZWzkXhne+PhLhLFV0GHVAIJCmieOwq4q2+rDYAudGhtot/NrgSpyMCo84qVSQmI8Dgnu1XJw==}
    cpu: [x64]
    os: [freebsd]

  lefthook-linux-arm64@2.1.8:
    resolution: {integrity: sha512-er3zTjx2DMxojPJ1LZv0G3ug9Th+mAapqWrt5ZZhQNcXWW28pfvo2fCqBs6Fz14GMn4xassmwOpGovutSh1UtA==}
    cpu: [arm64]
    os: [linux]

  lefthook-linux-x64@2.1.8:
    resolution: {integrity: sha512-3yGx0VFbPcaKiIir313ETNcyq34CfAwkIU+Ry3WMGDjrsRNuA/YlDxm0BHKLcum7u+rpVfT4Uz6r8gHdaHXolg==}
    cpu: [x64]
    os: [linux]

  lefthook-openbsd-arm64@2.1.8:
    resolution: {integrity: sha512-Dq+GJdJdclOwxt4NneTFHjLSA4v8tI7XUZq40KUVtpUQDpZcYhXSdkTytB0uLmD52tbFKt9Kx0VbB6uvxPvLvw==}
    cpu: [arm64]
    os: [openbsd]

  lefthook-openbsd-x64@2.1.8:
    resolution: {integrity: sha512-/Gv2EdlzyiDoK+9fDWIn+EeTgrNeVncQsSeAF47X2Abe5LGxuFjZbBXxEIkY1BU79OQNNLnkx0gFHbrr5mmd9Q==}
    cpu: [x64]
    os: [openbsd]

  lefthook-windows-arm64@2.1.8:
    resolution: {integrity: sha512-S+/pBBj/7hMQOl9pLBS4Ut8+U0feQbzmD7iN0ifNth4r/uqW8UFFAHwERbclfsVnni4ceHpt7lFr7sXsu0RU8g==}
    cpu: [arm64]
    os: [win32]

  lefthook-windows-x64@2.1.8:
    resolution: {integrity: sha512-MpdgKMU/JLLCsEpTqJ9jWlxngSdDh3EknvUHveWePrIms7G11y6R3oZBNRSqZ+zx/PGNl/HKvqEtbwtw8Hz3gw==}
    cpu: [x64]
    os: [win32]

  lefthook@2.1.8:
    resolution: {integrity: sha512-tJIoVpFF52PuU8YPJI9bRprGwzI6FR2GNeBbpMnXdRjjfJHyOR4VRLXilzoQ6lbhKVHfTohXhrQgLpU41bKITg==}
    hasBin: true

  prettier@3.8.3:
    resolution: {integrity: sha512-7igPTM53cGHMW8xWuVTydi2KO233VFiTNyF5hLJqpilHfmn8C8gPf+PS7dUT64YcXFbiMGZxS9pCSxL/Dxm/Jw==}
    engines: {node: '>=14'}
    hasBin: true

snapshots:

  lefthook-darwin-arm64@2.1.8:
    optional: true

  lefthook-darwin-x64@2.1.8:
    optional: true

  lefthook-freebsd-arm64@2.1.8:
    optional: true

  lefthook-freebsd-x64@2.1.8:
    optional: true

  lefthook-linux-arm64@2.1.8:
    optional: true

  lefthook-linux-x64@2.1.8:
    optional: true

  lefthook-openbsd-arm64@2.1.8:
    optional: true

  lefthook-openbsd-x64@2.1.8:
    optional: true

  lefthook-windows-arm64@2.1.8:
    optional: true

  lefthook-windows-x64@2.1.8:
    optional: true

  lefthook@2.1.8:
    optionalDependencies:
      lefthook-darwin-arm64: 2.1.8
      lefthook-darwin-x64: 2.1.8
      lefthook-freebsd-arm64: 2.1.8
      lefthook-freebsd-x64: 2.1.8
      lefthook-linux-arm64: 2.1.8
      lefthook-linux-x64: 2.1.8
      lefthook-openbsd-arm64: 2.1.8
      lefthook-openbsd-x64: 2.1.8
      lefthook-windows-arm64: 2.1.8
      lefthook-windows-x64: 2.1.8

  prettier@3.8.3: {}
